
Microsoft Visual Studio Solution File, Format Version 12.00
# Visual Studio 15
VisualStudioVersion = 15.0.26124.0
MinimumVisualStudioVersion = 15.0.26124.0
Project("{FAE04EC0-301F-11D3-BF4B-00C04F79EFBC}") = "Web", "src\Web\Web.csproj", "{2374316F-10A8-47FF-BFC6-0C9E1486CFAA}"
EndProject
Project("{FAE04EC0-301F-11D3-BF4B-00C04F79EFBC}") = "Make", "make\Make.csproj", "{07BC5A94-B633-4C4C-BB89-BA9888C8359F}"
EndProject
Project("{FAE04EC0-301F-11D3-BF4B-00C04F79EFBC}") = "WebTests", "test\WebTests\WebTests.csproj", "{CA3F9859-3478-458C-B5C3-191A7F392126}"
EndProject
Global
	GlobalSection(SolutionConfigurationPlatforms) = preSolution
		Debug|Any CPU = Debug|Any CPU
		Release|Any CPU = Release|Any CPU
	EndGlobalSection
	GlobalSection(SolutionProperties) = preSolution
		HideSolutionNode = FALSE
	EndGlobalSection
	GlobalSection(ProjectConfigurationPlatforms) = postSolution
		{2374316F-10A8-47FF-BFC6-0C9E1486CFAA}.Debug|Any CPU.ActiveCfg = Debug|Any CPU
		{2374316F-10A8-47FF-BFC6-0C9E1486CFAA}.Debug|Any CPU.Build.0 = Debug|Any CPU
		{2374316F-10A8-47FF-BFC6-0C9E1486CFAA}.Release|Any CPU.ActiveCfg = Release|Any CPU
		{2374316F-10A8-47FF-BFC6-0C9E1486CFAA}.Release|Any CPU.Build.0 = Release|Any CPU
		{07BC5A94-B633-4C4C-BB89-BA9888C8359F}.Debug|Any CPU.ActiveCfg = Debug|Any CPU
		{07BC5A94-B633-4C4C-BB89-BA9888C8359F}.Debug|Any CPU.Build.0 = Debug|Any CPU
		{07BC5A94-B633-4C4C-BB89-BA9888C8359F}.Release|Any CPU.ActiveCfg = Release|Any CPU
		{07BC5A94-B633-4C4C-BB89-BA9888C8359F}.Release|Any CPU.Build.0 = Release|Any CPU
		{CA3F9859-3478-458C-B5C3-191A7F392126}.Debug|Any CPU.ActiveCfg = Debug|Any CPU
		{CA3F9859-3478-458C-B5C3-191A7F392126}.Debug|Any CPU.Build.0 = Debug|Any CPU
		{CA3F9859-3478-458C-B5C3-191A7F392126}.Release|Any CPU.ActiveCfg = Release|Any CPU
		{CA3F9859-3478-458C-B5C3-191A7F392126}.Release|Any CPU.Build.0 = Release|Any CPU
	EndGlobalSection
EndGlobal
